{
    "_readme": [
        "This file locks the dependencies of your project to a known state",
        "Read more about it at https://getcomposer.org/doc/01-basic-usage.md#installing-dependencies",
        "This file is @generated automatically"
    ],
    "content-hash": "018dd9bcda3bb3fe931d48803cd1dab8",
    "packages": [
        {
            "name": "cspray/architectural-decision",
            "version": "v3.0.0.alpha.2",
            "source": {
                "type": "git",
                "url": "https://github.com/cspray/architectural-decision.git",
                "reference": "3a6ed2aa34e202f3fb11dbbc96819812b668e5f5"
            },
            "dist": {
                "type": "zip",
                "url": "https://api.github.com/repos/cspray/architectural-decision/zipball/3a6ed2aa34e202f3fb11dbbc96819812b668e5f5",
                "reference": "3a6ed2aa34e202f3fb11dbbc96819812b668e5f5",
                "shasum": ""
            },
            "require": {
                "php": "^8.1"
            },
            "require-dev": {
                "cspray/phinal": "^2.0",
                "phpunit/phpunit": "^10.1",
                "vimeo/psalm": "^5.11"
            },
            "type": "library",
            "autoload": {
                "psr-4": {
                    "Cspray\\ArchitecturalDecision\\": "src"
                }
            },
            "notification-url": "https://packagist.org/downloads/",
            "license": [
                "MIT"
            ],
            "description": "A library to keep track of architectural decisions with PHP annotations.",
            "support": {
                "issues": "https://github.com/cspray/architectural-decision/issues",
                "source": "https://github.com/cspray/architectural-decision/tree/v3.0.0.alpha.2"
            },
            "time": "2024-06-17T15:01:46+00:00"
        }
    ],
    "packages-dev": [],
    "aliases": [],
    "minimum-stability": "stable",
    "stability-flags": {
        "cspray/architectural-decision": 15
    },
    "prefer-stable": false,
    "prefer-lowest": false,
    "platform": {
        "php": "^8.1",
        "ext-dom": "*"
    },
    "platform-dev": [],
    "plugin-api-version": "2.6.0"
}
